
Microsoft Visual Studio Solution File, Format Version 12.00
# Visual Studio Version 17
VisualStudioVersion = 17.13.35931.197 d17.13
MinimumVisualStudioVersion = 10.0.40219.1
Project("{FAE04EC0-301F-11D3-BF4B-00C04F79EFBC}") = "ConsoleApp1", "ConsoleApp1.csproj", "{9C9807AC-F8B2-4E47-B3CC-1B260D8DE1FC}"
EndProject
Global
	GlobalSection(SolutionConfigurationPlatforms) = preSolution
		Debug|Any CPU = Debug|Any CPU
		Release|Any CPU = Release|Any CPU
	EndGlobalSection
	GlobalSection(ProjectConfigurationPlatforms) = postSolution
		{9C9807AC-F8B2-4E47-B3CC-1B260D8DE1FC}.Debug|Any CPU.ActiveCfg = Debug|Any CPU
		{9C9807AC-F8B2-4E47-B3CC-1B260D8DE1FC}.Debug|Any CPU.Build.0 = Debug|Any CPU
		{9C9807AC-F8B2-4E47-B3CC-1B260D8DE1FC}.Release|Any CPU.ActiveCfg = Release|Any CPU
		{9C9807AC-F8B2-4E47-B3CC-1B260D8DE1FC}.Release|Any CPU.Build.0 = Release|Any CPU
	EndGlobalSection
	GlobalSection(SolutionProperties) = preSolution
		HideSolutionNode = FALSE
	EndGlobalSection
	GlobalSection(ExtensibilityGlobals) = postSolution
		SolutionGuid = {E23BD304-61BF-43EB-8191-70D4FABB3DB8}
	EndGlobalSection
EndGlobal
