
Microsoft Visual Studio Solution File, Format Version 12.00
# Visual Studio Version 17
VisualStudioVersion = 17.13.35931.197 d17.13
MinimumVisualStudioVersion = 10.0.40219.1
Project("{FAE04EC0-301F-11D3-BF4B-00C04F79EFBC}") = "ConsoleApp1", "ConsoleApp1.csproj", "{D8988B76-3FA5-4FEB-A823-3801CD8588EB}"
EndProject
Project("{FAE04EC0-301F-11D3-BF4B-00C04F79EFBC}") = "ConsoleApp2", "..\ConsoleApp2\ConsoleApp2.csproj", "{9FD2492B-F0C0-446B-A2E0-60D64A3D3978}"
EndProject
Project("{FAE04EC0-301F-11D3-BF4B-00C04F79EFBC}") = "ConsoleApp3", "..\ConsoleApp3\ConsoleApp3.csproj", "{955761D6-7247-4347-979F-6388E2F28193}"
EndProject
Project("{FAE04EC0-301F-11D3-BF4B-00C04F79EFBC}") = "ConsoleApp4", "..\ConsoleApp4\ConsoleApp4.csproj", "{03973E2A-54AB-452F-91D7-26D00B038B02}"
EndProject
Project("{FAE04EC0-301F-11D3-BF4B-00C04F79EFBC}") = "ConsoleApp5", "..\ConsoleApp5\ConsoleApp5.csproj", "{E482BF12-5A7F-426E-8071-502C1E37306E}"
EndProject
Project("{FAE04EC0-301F-11D3-BF4B-00C04F79EFBC}") = "ConsoleApp6", "..\ConsoleApp6\ConsoleApp6.csproj", "{D18D79F4-E259-4618-B022-5A8FDC966A79}"
EndProject
Project("{FAE04EC0-301F-11D3-BF4B-00C04F79EFBC}") = "ConsoleApp7", "..\ConsoleApp7\ConsoleApp7.csproj", "{140A1F09-2E2E-4740-8D4B-3705B0A3F71F}"
EndProject
Project("{FAE04EC0-301F-11D3-BF4B-00C04F79EFBC}") = "ConsoleApp8", "..\ConsoleApp8\ConsoleApp8.csproj", "{55BF41B5-01D5-4937-ACC7-CB35F0DEBFE3}"
EndProject
Project("{FAE04EC0-301F-11D3-BF4B-00C04F79EFBC}") = "ConsoleApp9", "..\ConsoleApp9\ConsoleApp9.csproj", "{010796F3-129E-4392-9B9D-22D5B5F0A70F}"
EndProject
Project("{FAE04EC0-301F-11D3-BF4B-00C04F79EFBC}") = "ConsoleApp10", "..\ConsoleApp10\ConsoleApp10.csproj", "{9A0621D9-C1EF-45F5-9140-5905A7E6A509}"
EndProject
Project("{FAE04EC0-301F-11D3-BF4B-00C04F79EFBC}") = "ConsoleApp11", "..\ConsoleApp11\ConsoleApp11.csproj", "{F68421D9-ECD2-4EDF-89ED-B0B089D99F4A}"
EndProject
Project("{FAE04EC0-301F-11D3-BF4B-00C04F79EFBC}") = "ConsoleApp12", "..\ConsoleApp12\ConsoleApp12.csproj", "{BC866E48-161E-4551-A23E-77B04B1F9F5E}"
EndProject
Project("{FAE04EC0-301F-11D3-BF4B-00C04F79EFBC}") = "ConsoleApp13", "..\ConsoleApp13\ConsoleApp13.csproj", "{1D6120DE-4626-4D8C-8D48-4720CEEB3D6C}"
EndProject
Project("{FAE04EC0-301F-11D3-BF4B-00C04F79EFBC}") = "ConsoleApp14", "..\ConsoleApp14\ConsoleApp14.csproj", "{B644ECFD-7C77-420C-869E-26649AF340F5}"
EndProject
Project("{FAE04EC0-301F-11D3-BF4B-00C04F79EFBC}") = "ConsoleApp15", "..\ConsoleApp15\ConsoleApp15.csproj", "{1477B011-9E1D-446F-9CBB-796531F47DC4}"
EndProject
Project("{FAE04EC0-301F-11D3-BF4B-00C04F79EFBC}") = "ConsoleApp16", "..\ConsoleApp16\ConsoleApp16.csproj", "{F7EB2BF8-1799-413D-B00F-79099885D957}"
EndProject
Project("{FAE04EC0-301F-11D3-BF4B-00C04F79EFBC}") = "ConsoleApp17", "..\ConsoleApp17\ConsoleApp17.csproj", "{5B68EF73-D305-423F-AE19-F822C2C1EF51}"
EndProject
Project("{FAE04EC0-301F-11D3-BF4B-00C04F79EFBC}") = "ConsoleApp18", "..\ConsoleApp18\ConsoleApp18.csproj", "{6AF7347E-8195-4F9B-B488-8EB2D567F8DB}"
EndProject
Project("{FAE04EC0-301F-11D3-BF4B-00C04F79EFBC}") = "ConsoleApp19", "..\ConsoleApp19\ConsoleApp19.csproj", "{2E7A91BA-2BC2-495E-ADE1-58849F53C7C9}"
EndProject
Project("{FAE04EC0-301F-11D3-BF4B-00C04F79EFBC}") = "ConsoleApp20", "..\ConsoleApp20\ConsoleApp20.csproj", "{1DEC81FB-EB5B-4DB5-8D2C-3F6BC02B411B}"
EndProject
Project("{FAE04EC0-301F-11D3-BF4B-00C04F79EFBC}") = "ConsoleApp21", "..\ConsoleApp21\ConsoleApp21.csproj", "{DC85F975-2765-4FB1-A73F-829494971066}"
EndProject
Project("{FAE04EC0-301F-11D3-BF4B-00C04F79EFBC}") = "ConsoleApp22", "..\ConsoleApp22\ConsoleApp22.csproj", "{C6FB7195-7BFE-42A8-83A3-AB1342B031B2}"
EndProject
Project("{FAE04EC0-301F-11D3-BF4B-00C04F79EFBC}") = "ConsoleApp23", "..\ConsoleApp23\ConsoleApp23.csproj", "{76C61E63-9F2D-4773-8091-3B30A5095C51}"
EndProject
Global
	GlobalSection(SolutionConfigurationPlatforms) = preSolution
		Debug|Any CPU = Debug|Any CPU
		Release|Any CPU = Release|Any CPU
	EndGlobalSection
	GlobalSection(ProjectConfigurationPlatforms) = postSolution
		{D8988B76-3FA5-4FEB-A823-3801CD8588EB}.Debug|Any CPU.ActiveCfg = Debug|Any CPU
		{D8988B76-3FA5-4FEB-A823-3801CD8588EB}.Debug|Any CPU.Build.0 = Debug|Any CPU
		{D8988B76-3FA5-4FEB-A823-3801CD8588EB}.Release|Any CPU.ActiveCfg = Release|Any CPU
		{D8988B76-3FA5-4FEB-A823-3801CD8588EB}.Release|Any CPU.Build.0 = Release|Any CPU
		{9FD2492B-F0C0-446B-A2E0-60D64A3D3978}.Debug|Any CPU.ActiveCfg = Debug|Any CPU
		{9FD2492B-F0C0-446B-A2E0-60D64A3D3978}.Debug|Any CPU.Build.0 = Debug|Any CPU
		{9FD2492B-F0C0-446B-A2E0-60D64A3D3978}.Release|Any CPU.ActiveCfg = Release|Any CPU
		{9FD2492B-F0C0-446B-A2E0-60D64A3D3978}.Release|Any CPU.Build.0 = Release|Any CPU
		{955761D6-7247-4347-979F-6388E2F28193}.Debug|Any CPU.ActiveCfg = Debug|Any CPU
		{955761D6-7247-4347-979F-6388E2F28193}.Debug|Any CPU.Build.0 = Debug|Any CPU
		{955761D6-7247-4347-979F-6388E2F28193}.Release|Any CPU.ActiveCfg = Release|Any CPU
		{955761D6-7247-4347-979F-6388E2F28193}.Release|Any CPU.Build.0 = Release|Any CPU
		{03973E2A-54AB-452F-91D7-26D00B038B02}.Debug|Any CPU.ActiveCfg = Debug|Any CPU
		{03973E2A-54AB-452F-91D7-26D00B038B02}.Debug|Any CPU.Build.0 = Debug|Any CPU
		{03973E2A-54AB-452F-91D7-26D00B038B02}.Release|Any CPU.ActiveCfg = Release|Any CPU
		{03973E2A-54AB-452F-91D7-26D00B038B02}.Release|Any CPU.Build.0 = Release|Any CPU
		{E482BF12-5A7F-426E-8071-502C1E37306E}.Debug|Any CPU.ActiveCfg = Debug|Any CPU
		{E482BF12-5A7F-426E-8071-502C1E37306E}.Debug|Any CPU.Build.0 = Debug|Any CPU
		{E482BF12-5A7F-426E-8071-502C1E37306E}.Release|Any CPU.ActiveCfg = Release|Any CPU
		{E482BF12-5A7F-426E-8071-502C1E37306E}.Release|Any CPU.Build.0 = Release|Any CPU
		{D18D79F4-E259-4618-B022-5A8FDC966A79}.Debug|Any CPU.ActiveCfg = Debug|Any CPU
		{D18D79F4-E259-4618-B022-5A8FDC966A79}.Debug|Any CPU.Build.0 = Debug|Any CPU
		{D18D79F4-E259-4618-B022-5A8FDC966A79}.Release|Any CPU.ActiveCfg = Release|Any CPU
		{D18D79F4-E259-4618-B022-5A8FDC966A79}.Release|Any CPU.Build.0 = Release|Any CPU
		{140A1F09-2E2E-4740-8D4B-3705B0A3F71F}.Debug|Any CPU.ActiveCfg = Debug|Any CPU
		{140A1F09-2E2E-4740-8D4B-3705B0A3F71F}.Debug|Any CPU.Build.0 = Debug|Any CPU
		{140A1F09-2E2E-4740-8D4B-3705B0A3F71F}.Release|Any CPU.ActiveCfg = Release|Any CPU
		{140A1F09-2E2E-4740-8D4B-3705B0A3F71F}.Release|Any CPU.Build.0 = Release|Any CPU
		{55BF41B5-01D5-4937-ACC7-CB35F0DEBFE3}.Debug|Any CPU.ActiveCfg = Debug|Any CPU
		{55BF41B5-01D5-4937-ACC7-CB35F0DEBFE3}.Debug|Any CPU.Build.0 = Debug|Any CPU
		{55BF41B5-01D5-4937-ACC7-CB35F0DEBFE3}.Release|Any CPU.ActiveCfg = Release|Any CPU
		{55BF41B5-01D5-4937-ACC7-CB35F0DEBFE3}.Release|Any CPU.Build.0 = Release|Any CPU
		{010796F3-129E-4392-9B9D-22D5B5F0A70F}.Debug|Any CPU.ActiveCfg = Debug|Any CPU
		{010796F3-129E-4392-9B9D-22D5B5F0A70F}.Debug|Any CPU.Build.0 = Debug|Any CPU
		{010796F3-129E-4392-9B9D-22D5B5F0A70F}.Release|Any CPU.ActiveCfg = Release|Any CPU
		{010796F3-129E-4392-9B9D-22D5B5F0A70F}.Release|Any CPU.Build.0 = Release|Any CPU
		{9A0621D9-C1EF-45F5-9140-5905A7E6A509}.Debug|Any CPU.ActiveCfg = Debug|Any CPU
		{9A0621D9-C1EF-45F5-9140-5905A7E6A509}.Debug|Any CPU.Build.0 = Debug|Any CPU
		{9A0621D9-C1EF-45F5-9140-5905A7E6A509}.Release|Any CPU.ActiveCfg = Release|Any CPU
		{9A0621D9-C1EF-45F5-9140-5905A7E6A509}.Release|Any CPU.Build.0 = Release|Any CPU
		{F68421D9-ECD2-4EDF-89ED-B0B089D99F4A}.Debug|Any CPU.ActiveCfg = Debug|Any CPU
		{F68421D9-ECD2-4EDF-89ED-B0B089D99F4A}.Debug|Any CPU.Build.0 = Debug|Any CPU
		{F68421D9-ECD2-4EDF-89ED-B0B089D99F4A}.Release|Any CPU.ActiveCfg = Release|Any CPU
		{F68421D9-ECD2-4EDF-89ED-B0B089D99F4A}.Release|Any CPU.Build.0 = Release|Any CPU
		{BC866E48-161E-4551-A23E-77B04B1F9F5E}.Debug|Any CPU.ActiveCfg = Debug|Any CPU
		{BC866E48-161E-4551-A23E-77B04B1F9F5E}.Debug|Any CPU.Build.0 = Debug|Any CPU
		{BC866E48-161E-4551-A23E-77B04B1F9F5E}.Release|Any CPU.ActiveCfg = Release|Any CPU
		{BC866E48-161E-4551-A23E-77B04B1F9F5E}.Release|Any CPU.Build.0 = Release|Any CPU
		{1D6120DE-4626-4D8C-8D48-4720CEEB3D6C}.Debug|Any CPU.ActiveCfg = Debug|Any CPU
		{1D6120DE-4626-4D8C-8D48-4720CEEB3D6C}.Debug|Any CPU.Build.0 = Debug|Any CPU
		{1D6120DE-4626-4D8C-8D48-4720CEEB3D6C}.Release|Any CPU.ActiveCfg = Release|Any CPU
		{1D6120DE-4626-4D8C-8D48-4720CEEB3D6C}.Release|Any CPU.Build.0 = Release|Any CPU
		{B644ECFD-7C77-420C-869E-26649AF340F5}.Debug|Any CPU.ActiveCfg = Debug|Any CPU
		{B644ECFD-7C77-420C-869E-26649AF340F5}.Debug|Any CPU.Build.0 = Debug|Any CPU
		{B644ECFD-7C77-420C-869E-26649AF340F5}.Release|Any CPU.ActiveCfg = Release|Any CPU
		{B644ECFD-7C77-420C-869E-26649AF340F5}.Release|Any CPU.Build.0 = Release|Any CPU
		{1477B011-9E1D-446F-9CBB-796531F47DC4}.Debug|Any CPU.ActiveCfg = Debug|Any CPU
		{1477B011-9E1D-446F-9CBB-796531F47DC4}.Debug|Any CPU.Build.0 = Debug|Any CPU
		{1477B011-9E1D-446F-9CBB-796531F47DC4}.Release|Any CPU.ActiveCfg = Release|Any CPU
		{1477B011-9E1D-446F-9CBB-796531F47DC4}.Release|Any CPU.Build.0 = Release|Any CPU
		{F7EB2BF8-1799-413D-B00F-79099885D957}.Debug|Any CPU.ActiveCfg = Debug|Any CPU
		{F7EB2BF8-1799-413D-B00F-79099885D957}.Debug|Any CPU.Build.0 = Debug|Any CPU
		{F7EB2BF8-1799-413D-B00F-79099885D957}.Release|Any CPU.ActiveCfg = Release|Any CPU
		{F7EB2BF8-1799-413D-B00F-79099885D957}.Release|Any CPU.Build.0 = Release|Any CPU
		{5B68EF73-D305-423F-AE19-F822C2C1EF51}.Debug|Any CPU.ActiveCfg = Debug|Any CPU
		{5B68EF73-D305-423F-AE19-F822C2C1EF51}.Debug|Any CPU.Build.0 = Debug|Any CPU
		{5B68EF73-D305-423F-AE19-F822C2C1EF51}.Release|Any CPU.ActiveCfg = Release|Any CPU
		{5B68EF73-D305-423F-AE19-F822C2C1EF51}.Release|Any CPU.Build.0 = Release|Any CPU
		{6AF7347E-8195-4F9B-B488-8EB2D567F8DB}.Debug|Any CPU.ActiveCfg = Debug|Any CPU
		{6AF7347E-8195-4F9B-B488-8EB2D567F8DB}.Debug|Any CPU.Build.0 = Debug|Any CPU
		{6AF7347E-8195-4F9B-B488-8EB2D567F8DB}.Release|Any CPU.ActiveCfg = Release|Any CPU
		{6AF7347E-8195-4F9B-B488-8EB2D567F8DB}.Release|Any CPU.Build.0 = Release|Any CPU
		{2E7A91BA-2BC2-495E-ADE1-58849F53C7C9}.Debug|Any CPU.ActiveCfg = Debug|Any CPU
		{2E7A91BA-2BC2-495E-ADE1-58849F53C7C9}.Debug|Any CPU.Build.0 = Debug|Any CPU
		{2E7A91BA-2BC2-495E-ADE1-58849F53C7C9}.Release|Any CPU.ActiveCfg = Release|Any CPU
		{2E7A91BA-2BC2-495E-ADE1-58849F53C7C9}.Release|Any CPU.Build.0 = Release|Any CPU
		{1DEC81FB-EB5B-4DB5-8D2C-3F6BC02B411B}.Debug|Any CPU.ActiveCfg = Debug|Any CPU
		{1DEC81FB-EB5B-4DB5-8D2C-3F6BC02B411B}.Debug|Any CPU.Build.0 = Debug|Any CPU
		{1DEC81FB-EB5B-4DB5-8D2C-3F6BC02B411B}.Release|Any CPU.ActiveCfg = Release|Any CPU
		{1DEC81FB-EB5B-4DB5-8D2C-3F6BC02B411B}.Release|Any CPU.Build.0 = Release|Any CPU
		{DC85F975-2765-4FB1-A73F-829494971066}.Debug|Any CPU.ActiveCfg = Debug|Any CPU
		{DC85F975-2765-4FB1-A73F-829494971066}.Debug|Any CPU.Build.0 = Debug|Any CPU
		{DC85F975-2765-4FB1-A73F-829494971066}.Release|Any CPU.ActiveCfg = Release|Any CPU
		{DC85F975-2765-4FB1-A73F-829494971066}.Release|Any CPU.Build.0 = Release|Any CPU
		{C6FB7195-7BFE-42A8-83A3-AB1342B031B2}.Debug|Any CPU.ActiveCfg = Debug|Any CPU
		{C6FB7195-7BFE-42A8-83A3-AB1342B031B2}.Debug|Any CPU.Build.0 = Debug|Any CPU
		{C6FB7195-7BFE-42A8-83A3-AB1342B031B2}.Release|Any CPU.ActiveCfg = Release|Any CPU
		{C6FB7195-7BFE-42A8-83A3-AB1342B031B2}.Release|Any CPU.Build.0 = Release|Any CPU
		{76C61E63-9F2D-4773-8091-3B30A5095C51}.Debug|Any CPU.ActiveCfg = Debug|Any CPU
		{76C61E63-9F2D-4773-8091-3B30A5095C51}.Debug|Any CPU.Build.0 = Debug|Any CPU
		{76C61E63-9F2D-4773-8091-3B30A5095C51}.Release|Any CPU.ActiveCfg = Release|Any CPU
		{76C61E63-9F2D-4773-8091-3B30A5095C51}.Release|Any CPU.Build.0 = Release|Any CPU
	EndGlobalSection
	GlobalSection(SolutionProperties) = preSolution
		HideSolutionNode = FALSE
	EndGlobalSection
	GlobalSection(ExtensibilityGlobals) = postSolution
		SolutionGuid = {0D07A009-4792-4FC9-9A82-449D186B3681}
	EndGlobalSection
EndGlobal
